{
  "name": "dx-doyou",
  "lockfileVersion": 3,
  "requires": true,
  "packages": {
    "": {
      "devDependencies": {
        "daisyui": "^5.5.0"
      }
    },
    "node_modules/daisyui": {
      "version": "5.5.0",
      "resolved": "https://registry.npmjs.org/daisyui/-/daisyui-5.5.0.tgz",
      "integrity": "sha512-lfeimNM3U1FzjfBotV3iTrxNfBEncHs7kMP62lTLghmO99v7HVZ/lbcOLr/y0Q3JB6Lx7XEi2yC5RQ8BBxdKPA==",
      "dev": true,
      "license": "MIT",
      "funding": {
        "url": "https://github.com/saadeghi/daisyui?sponsor=1"
      }
    }
  }
}
